// !$*UTF8*$!
{
	archiveVersion = 1;
	classes = {
	};
	objectVersion = 55;
	objects = {

/* Begin PBXBuildFile section */
		025AE9BC277337DF00A45ADB /* AppDelegate.swift in Sources */ = {isa = PBXBuildFile; fileRef = 025AE9BB277337DF00A45ADB /* AppDelegate.swift */; };
		025AE9BE277337DF00A45ADB /* SceneDelegate.swift in Sources */ = {isa = PBXBuildFile; fileRef = 025AE9BD277337DF00A45ADB /* SceneDelegate.swift */; };
		025AE9C0277337DF00A45ADB /* ViewController.swift in Sources */ = {isa = PBXBuildFile; fileRef = 025AE9BF277337DF00A45ADB /* ViewController.swift */; };
		025AE9C3277337DF00A45ADB /* Main.storyboard in Resources */ = {isa = PBXBuildFile; fileRef = 025AE9C1277337DF00A45ADB /* Main.storyboard */; };
		025AE9C5277337E200A45ADB /* Assets.xcassets in Resources */ = {isa = PBXBuildFile; fileRef = 025AE9C4277337E200A45ADB /* Assets.xcassets */; };
		025AE9C8277337E200A45ADB /* LaunchScreen.storyboard in Resources */ = {isa = PBXBuildFile; fileRef = 025AE9C6277337E200A45ADB /* LaunchScreen.storyboard */; };
		025AE9D42773396300A45ADB /* Renderer.mm in Sources */ = {isa = PBXBuildFile; fileRef = 025AE9D22773396300A45ADB /* Renderer.mm */; };
		025AE9D52773396300A45ADB /* GLESRenderer.cpp in Sources */ = {isa = PBXBuildFile; fileRef = 025AE9D32773396300A45ADB /* GLESRenderer.cpp */; };
		025AE9D8277339AF00A45ADB /* Shader.fsh in Resources */ = {isa = PBXBuildFile; fileRef = 025AE9D6277339AE00A45ADB /* Shader.fsh */; };
		025AE9D9277339AF00A45ADB /* Shader.vsh in Resources */ = {isa = PBXBuildFile; fileRef = 025AE9D7277339AF00A45ADB /* Shader.vsh */; };
		642CBB2327D669FE00448432 /* Maze.cpp in Sources */ = {isa = PBXBuildFile; fileRef = 642CBB2127D669FE00448432 /* Maze.cpp */; };
		648DD80327E232C800E9FBF0 /* dirt.jpg in Resources */ = {isa = PBXBuildFile; fileRef = 648DD80127E232C800E9FBF0 /* dirt.jpg */; };
		648DD80427E232C800E9FBF0 /* crate front.jpg in Resources */ = {isa = PBXBuildFile; fileRef = 648DD80227E232C800E9FBF0 /* crate front.jpg */; };
		648DD80727E23FAC00E9FBF0 /* Sphere.cpp in Sources */ = {isa = PBXBuildFile; fileRef = 648DD80527E23FAC00E9FBF0 /* Sphere.cpp */; };
		977F3A5327C5619A00AB8A7B /* Transform.cpp in Sources */ = {isa = PBXBuildFile; fileRef = 977F3A5127C5619A00AB8A7B /* Transform.cpp */; };
		E917551F27C60FF800FA6B90 /* GameObject.cpp in Sources */ = {isa = PBXBuildFile; fileRef = E917551D27C60FF800FA6B90 /* GameObject.cpp */; };
		E917552227C6121F00FA6B90 /* Drawable.cpp in Sources */ = {isa = PBXBuildFile; fileRef = E917552027C6121F00FA6B90 /* Drawable.cpp */; };
		E917552527C61CA000FA6B90 /* Cube.cpp in Sources */ = {isa = PBXBuildFile; fileRef = E917552327C61CA000FA6B90 /* Cube.cpp */; };
/* End PBXBuildFile section */

/* Begin PBXFileReference section */
		025AE9B8277337DF00A45ADB /* c8051SwiftGL.app */ = {isa = PBXFileReference; explicitFileType = wrapper.application; includeInIndex = 0; path = c8051SwiftGL.app; sourceTree = BUILT_PRODUCTS_DIR; };
		025AE9BB277337DF00A45ADB /* AppDelegate.swift */ = {isa = PBXFileReference; lastKnownFileType = sourcecode.swift; path = AppDelegate.swift; sourceTree = "<group>"; };
		025AE9BD277337DF00A45ADB /* SceneDelegate.swift */ = {isa = PBXFileReference; lastKnownFileType = sourcecode.swift; path = SceneDelegate.swift; sourceTree = "<group>"; };
		025AE9BF277337DF00A45ADB /* ViewController.swift */ = {isa = PBXFileReference; lastKnownFileType = sourcecode.swift; path = ViewController.swift; sourceTree = "<group>"; };
		025AE9C2277337DF00A45ADB /* Base */ = {isa = PBXFileReference; lastKnownFileType = file.storyboard; name = Base; path = Base.lproj/Main.storyboard; sourceTree = "<group>"; };
		025AE9C4277337E200A45ADB /* Assets.xcassets */ = {isa = PBXFileReference; lastKnownFileType = folder.assetcatalog; path = Assets.xcassets; sourceTree = "<group>"; };
		025AE9C7277337E200A45ADB /* Base */ = {isa = PBXFileReference; lastKnownFileType = file.storyboard; name = Base; path = Base.lproj/LaunchScreen.storyboard; sourceTree = "<group>"; };
		025AE9C9277337E200A45ADB /* Info.plist */ = {isa = PBXFileReference; lastKnownFileType = text.plist.xml; path = Info.plist; sourceTree = "<group>"; };
		025AE9CF2773396200A45ADB /* c8051SwiftGL-Bridging-Header.h */ = {isa = PBXFileReference; lastKnownFileType = sourcecode.c.h; path = "c8051SwiftGL-Bridging-Header.h"; sourceTree = "<group>"; };
		025AE9D02773396300A45ADB /* GLESRenderer.hpp */ = {isa = PBXFileReference; fileEncoding = 4; lastKnownFileType = sourcecode.cpp.h; path = GLESRenderer.hpp; sourceTree = "<group>"; };
		025AE9D12773396300A45ADB /* Renderer.h */ = {isa = PBXFileReference; fileEncoding = 4; lastKnownFileType = sourcecode.c.h; path = Renderer.h; sourceTree = "<group>"; };
		025AE9D22773396300A45ADB /* Renderer.mm */ = {isa = PBXFileReference; fileEncoding = 4; lastKnownFileType = sourcecode.cpp.objcpp; path = Renderer.mm; sourceTree = "<group>"; };
		025AE9D32773396300A45ADB /* GLESRenderer.cpp */ = {isa = PBXFileReference; fileEncoding = 4; lastKnownFileType = sourcecode.cpp.cpp; path = GLESRenderer.cpp; sourceTree = "<group>"; };
		025AE9D6277339AE00A45ADB /* Shader.fsh */ = {isa = PBXFileReference; fileEncoding = 4; lastKnownFileType = sourcecode.glsl; path = Shader.fsh; sourceTree = "<group>"; };
		025AE9D7277339AF00A45ADB /* Shader.vsh */ = {isa = PBXFileReference; fileEncoding = 4; lastKnownFileType = sourcecode.glsl; path = Shader.vsh; sourceTree = "<group>"; };
		642CBB2127D669FE00448432 /* Maze.cpp */ = {isa = PBXFileReference; lastKnownFileType = sourcecode.cpp.cpp; path = Maze.cpp; sourceTree = "<group>"; };
		642CBB2227D669FE00448432 /* Maze.hpp */ = {isa = PBXFileReference; lastKnownFileType = sourcecode.cpp.h; path = Maze.hpp; sourceTree = "<group>"; };
		648DD80127E232C800E9FBF0 /* dirt.jpg */ = {isa = PBXFileReference; lastKnownFileType = image.jpeg; path = dirt.jpg; sourceTree = "<group>"; };
		648DD80227E232C800E9FBF0 /* crate front.jpg */ = {isa = PBXFileReference; lastKnownFileType = image.jpeg; path = "crate front.jpg"; sourceTree = "<group>"; };
		648DD80527E23FAC00E9FBF0 /* Sphere.cpp */ = {isa = PBXFileReference; lastKnownFileType = sourcecode.cpp.cpp; path = Sphere.cpp; sourceTree = "<group>"; };
		648DD80627E23FAC00E9FBF0 /* Sphere.hpp */ = {isa = PBXFileReference; lastKnownFileType = sourcecode.cpp.h; path = Sphere.hpp; sourceTree = "<group>"; };
		977F3A5127C5619A00AB8A7B /* Transform.cpp */ = {isa = PBXFileReference; lastKnownFileType = sourcecode.cpp.cpp; path = Transform.cpp; sourceTree = "<group>"; };
		977F3A5227C5619A00AB8A7B /* Transform.hpp */ = {isa = PBXFileReference; lastKnownFileType = sourcecode.cpp.h; path = Transform.hpp; sourceTree = "<group>"; };
		E917551D27C60FF800FA6B90 /* GameObject.cpp */ = {isa = PBXFileReference; lastKnownFileType = sourcecode.cpp.cpp; path = GameObject.cpp; sourceTree = "<group>"; };
		E917551E27C60FF800FA6B90 /* GameObject.hpp */ = {isa = PBXFileReference; lastKnownFileType = sourcecode.cpp.h; path = GameObject.hpp; sourceTree = "<group>"; };
		E917552027C6121F00FA6B90 /* Drawable.cpp */ = {isa = PBXFileReference; lastKnownFileType = sourcecode.cpp.cpp; path = Drawable.cpp; sourceTree = "<group>"; };
		E917552127C6121F00FA6B90 /* Drawable.hpp */ = {isa = PBXFileReference; lastKnownFileType = sourcecode.cpp.h; path = Drawable.hpp; sourceTree = "<group>"; };
		E917552327C61CA000FA6B90 /* Cube.cpp */ = {isa = PBXFileReference; lastKnownFileType = sourcecode.cpp.cpp; path = Cube.cpp; sourceTree = "<group>"; };
		E917552427C61CA000FA6B90 /* Cube.hpp */ = {isa = PBXFileReference; lastKnownFileType = sourcecode.cpp.h; path = Cube.hpp; sourceTree = "<group>"; };
/* End PBXFileReference section */

/* Begin PBXFrameworksBuildPhase section */
		025AE9B5277337DF00A45ADB /* Frameworks */ = {
			isa = PBXFrameworksBuildPhase;
			buildActionMask = 2147483647;
			files = (
			);
			runOnlyForDeploymentPostprocessing = 0;
		};
/* End PBXFrameworksBuildPhase section */

/* Begin PBXGroup section */
		025AE9AF277337DF00A45ADB = {
			isa = PBXGroup;
			children = (
				025AE9BA277337DF00A45ADB /* c8051SwiftGL */,
				025AE9B9277337DF00A45ADB /* Products */,
			);
			sourceTree = "<group>";
		};
		025AE9B9277337DF00A45ADB /* Products */ = {
			isa = PBXGroup;
			children = (
				025AE9B8277337DF00A45ADB /* c8051SwiftGL.app */,
			);
			name = Products;
			sourceTree = "<group>";
		};
		025AE9BA277337DF00A45ADB /* c8051SwiftGL */ = {
			isa = PBXGroup;
			children = (
				025AE9D32773396300A45ADB /* GLESRenderer.cpp */,
				025AE9D02773396300A45ADB /* GLESRenderer.hpp */,
				025AE9D12773396300A45ADB /* Renderer.h */,
				025AE9D22773396300A45ADB /* Renderer.mm */,
				025AE9D6277339AE00A45ADB /* Shader.fsh */,
				025AE9D7277339AF00A45ADB /* Shader.vsh */,
				025AE9BB277337DF00A45ADB /* AppDelegate.swift */,
				025AE9BD277337DF00A45ADB /* SceneDelegate.swift */,
				025AE9BF277337DF00A45ADB /* ViewController.swift */,
				025AE9C1277337DF00A45ADB /* Main.storyboard */,
				025AE9C4277337E200A45ADB /* Assets.xcassets */,
				025AE9C6277337E200A45ADB /* LaunchScreen.storyboard */,
				025AE9C9277337E200A45ADB /* Info.plist */,
				025AE9CF2773396200A45ADB /* c8051SwiftGL-Bridging-Header.h */,
				977F3A5127C5619A00AB8A7B /* Transform.cpp */,
				977F3A5227C5619A00AB8A7B /* Transform.hpp */,
				E917551D27C60FF800FA6B90 /* GameObject.cpp */,
				E917551E27C60FF800FA6B90 /* GameObject.hpp */,
				E917552027C6121F00FA6B90 /* Drawable.cpp */,
				E917552127C6121F00FA6B90 /* Drawable.hpp */,
				E917552327C61CA000FA6B90 /* Cube.cpp */,
				E917552427C61CA000FA6B90 /* Cube.hpp */,
				648DD80527E23FAC00E9FBF0 /* Sphere.cpp */,
				648DD80627E23FAC00E9FBF0 /* Sphere.hpp */,
				642CBB2127D669FE00448432 /* Maze.cpp */,
				642CBB2227D669FE00448432 /* Maze.hpp */,
				648DD80227E232C800E9FBF0 /* crate front.jpg */,
				648DD80127E232C800E9FBF0 /* dirt.jpg */,
			);
			path = c8051SwiftGL;
			sourceTree = "<group>";
		};
/* End PBXGroup section */

/* Begin PBXNativeTarget section */
		025AE9B7277337DF00A45ADB /* c8051SwiftGL */ = {
			isa = PBXNativeTarget;
			buildConfigurationList = 025AE9CC277337E200A45ADB /* Build configuration list for PBXNativeTarget "c8051SwiftGL" */;
			buildPhases = (
				025AE9B4277337DF00A45ADB /* Sources */,
				025AE9B5277337DF00A45ADB /* Frameworks */,
				025AE9B6277337DF00A45ADB /* Resources */,
			);
			buildRules = (
			);
			dependencies = (
			);
			name = c8051SwiftGL;
			productName = c8051SwiftGL;
			productReference = 025AE9B8277337DF00A45ADB /* c8051SwiftGL.app */;
			productType = "com.apple.product-type.application";
		};
/* End PBXNativeTarget section */

/* Begin PBXProject section */
		025AE9B0277337DF00A45ADB /* Project object */ = {
			isa = PBXProject;
			attributes = {
				BuildIndependentTargetsInParallel = 1;
				LastSwiftUpdateCheck = 1320;
				LastUpgradeCheck = 1320;
				TargetAttributes = {
					025AE9B7277337DF00A45ADB = {
						CreatedOnToolsVersion = 13.2;
						LastSwiftMigration = 1320;
					};
				};
			};
			buildConfigurationList = 025AE9B3277337DF00A45ADB /* Build configuration list for PBXProject "c8051SwiftGL" */;
			compatibilityVersion = "Xcode 13.0";
			developmentRegion = en;
			hasScannedForEncodings = 0;
			knownRegions = (
				en,
				Base,
			);
			mainGroup = 025AE9AF277337DF00A45ADB;
			productRefGroup = 025AE9B9277337DF00A45ADB /* Products */;
			projectDirPath = "";
			projectRoot = "";
			targets = (
				025AE9B7277337DF00A45ADB /* c8051SwiftGL */,
			);
		};
/* End PBXProject section */

/* Begin PBXResourcesBuildPhase section */
		025AE9B6277337DF00A45ADB /* Resources */ = {
			isa = PBXResourcesBuildPhase;
			buildActionMask = 2147483647;
			files = (
				025AE9D8277339AF00A45ADB /* Shader.fsh in Resources */,
				025AE9C8277337E200A45ADB /* LaunchScreen.storyboard in Resources */,
				025AE9C5277337E200A45ADB /* Assets.xcassets in Resources */,
				648DD80327E232C800E9FBF0 /* dirt.jpg in Resources */,
				025AE9C3277337DF00A45ADB /* Main.storyboard in Resources */,
				648DD80427E232C800E9FBF0 /* crate front.jpg in Resources */,
				025AE9D9277339AF00A45ADB /* Shader.vsh in Resources */,
			);
			runOnlyForDeploymentPostprocessing = 0;
		};
/* End PBXResourcesBuildPhase section */

/* Begin PBXSourcesBuildPhase section */
		025AE9B4277337DF00A45ADB /* Sources */ = {
			isa = PBXSourcesBuildPhase;
			buildActionMask = 2147483647;
			files = (
				E917552527C61CA000FA6B90 /* Cube.cpp in Sources */,
				025AE9D52773396300A45ADB /* GLESRenderer.cpp in Sources */,
				642CBB2327D669FE00448432 /* Maze.cpp in Sources */,
				977F3A5327C5619A00AB8A7B /* Transform.cpp in Sources */,
				025AE9C0277337DF00A45ADB /* ViewController.swift in Sources */,
				025AE9BC277337DF00A45ADB /* AppDelegate.swift in Sources */,
				025AE9D42773396300A45ADB /* Renderer.mm in Sources */,
				648DD80727E23FAC00E9FBF0 /* Sphere.cpp in Sources */,
				E917552227C6121F00FA6B90 /* Drawable.cpp in Sources */,
				025AE9BE277337DF00A45ADB /* SceneDelegate.swift in Sources */,
				E917551F27C60FF800FA6B90 /* GameObject.cpp in Sources */,
			);
			runOnlyForDeploymentPostprocessing = 0;
		};
/* End PBXSourcesBuildPhase section */

/* Begin PBXVariantGroup section */
		025AE9C1277337DF00A45ADB /* Main.storyboard */ = {
			isa = PBXVariantGroup;
			children = (
				025AE9C2277337DF00A45ADB /* Base */,
			);
			name = Main.storyboard;
			sourceTree = "<group>";
		};
		025AE9C6277337E200A45ADB /* LaunchScreen.storyboard */ = {
			isa = PBXVariantGroup;
			children = (
				025AE9C7277337E200A45ADB /* Base */,
			);
			name = LaunchScreen.storyboard;
			sourceTree = "<group>";
		};
/* End PBXVariantGroup section */

/* Begin XCBuildConfiguration section */
		025AE9CA277337E200A45ADB /* Debug */ = {
			isa = XCBuildConfiguration;
			buildSettings = {
				ALWAYS_SEARCH_USER_PATHS = NO;
				CLANG_ANALYZER_NONNULL = YES;
				CLANG_ANALYZER_NUMBER_OBJECT_CONVERSION = YES_AGGRESSIVE;
				CLANG_CXX_LANGUAGE_STANDARD = "gnu++17";
				CLANG_CXX_LIBRARY = "libc++";
				CLANG_ENABLE_MODULES = YES;
				CLANG_ENABLE_OBJC_ARC = YES;
				CLANG_ENABLE_OBJC_WEAK = YES;
				CLANG_WARN_BLOCK_CAPTURE_AUTORELEASING = YES;
				CLANG_WARN_BOOL_CONVERSION = YES;
				CLANG_WARN_COMMA = YES;
				CLANG_WARN_CONSTANT_CONVERSION = YES;
				CLANG_WARN_DEPRECATED_OBJC_IMPLEMENTATIONS = YES;
				CLANG_WARN_DIRECT_OBJC_ISA_USAGE = YES_ERROR;
				CLANG_WARN_DOCUMENTATION_COMMENTS = YES;
				CLANG_WARN_EMPTY_BODY = YES;
				CLANG_WARN_ENUM_CONVERSION = YES;
				CLANG_WARN_INFINITE_RECURSION = YES;
				CLANG_WARN_INT_CONVERSION = YES;
				CLANG_WARN_NON_LITERAL_NULL_CONVERSION = YES;
				CLANG_WARN_OBJC_IMPLICIT_RETAIN_SELF = YES;
				CLANG_WARN_OBJC_LITERAL_CONVERSION = YES;
				CLANG_WARN_OBJC_ROOT_CLASS = YES_ERROR;
				CLANG_WARN_QUOTED_INCLUDE_IN_FRAMEWORK_HEADER = YES;
				CLANG_WARN_RANGE_LOOP_ANALYSIS = YES;
				CLANG_WARN_STRICT_PROTOTYPES = YES;
				CLANG_WARN_SUSPICIOUS_MOVE = YES;
				CLANG_WARN_UNGUARDED_AVAILABILITY = YES_AGGRESSIVE;
				CLANG_WARN_UNREACHABLE_CODE = YES;
				CLANG_WARN__DUPLICATE_METHOD_MATCH = YES;
				COPY_PHASE_STRIP = NO;
				DEBUG_INFORMATION_FORMAT = dwarf;
				ENABLE_STRICT_OBJC_MSGSEND = YES;
				ENABLE_TESTABILITY = YES;
				GCC_C_LANGUAGE_STANDARD = gnu11;
				GCC_DYNAMIC_NO_PIC = NO;
				GCC_NO_COMMON_BLOCKS = YES;
				GCC_OPTIMIZATION_LEVEL = 0;
				GCC_PREPROCESSOR_DEFINITIONS = (
					GLES_SILENCE_DEPRECATION,
					"DEBUG=1",
				);
				GCC_WARN_64_TO_32_BIT_CONVERSION = YES;
				GCC_WARN_ABOUT_RETURN_TYPE = YES_ERROR;
				GCC_WARN_UNDECLARED_SELECTOR = YES;
				GCC_WARN_UNINITIALIZED_AUTOS = YES_AGGRESSIVE;
				GCC_WARN_UNUSED_FUNCTION = YES;
				GCC_WARN_UNUSED_VARIABLE = YES;
				IPHONEOS_DEPLOYMENT_TARGET = 15.2;
				MTL_ENABLE_DEBUG_INFO = INCLUDE_SOURCE;
				MTL_FAST_MATH = YES;
				ONLY_ACTIVE_ARCH = YES;
				SDKROOT = iphoneos;
				SWIFT_ACTIVE_COMPILATION_CONDITIONS = DEBUG;
				SWIFT_OPTIMIZATION_LEVEL = "-Onone";
			};
			name = Debug;
		};
		025AE9CB277337E200A45ADB /* Release */ = {
			isa = XCBuildConfiguration;
			buildSettings = {
				ALWAYS_SEARCH_USER_PATHS = NO;
				CLANG_ANALYZER_NONNULL = YES;
				CLANG_ANALYZER_NUMBER_OBJECT_CONVERSION = YES_AGGRESSIVE;
				CLANG_CXX_LANGUAGE_STANDARD = "gnu++17";
				CLANG_CXX_LIBRARY = "libc++";
				CLANG_ENABLE_MODULES = YES;
				CLANG_ENABLE_OBJC_ARC = YES;
				CLANG_ENABLE_OBJC_WEAK = YES;
				CLANG_WARN_BLOCK_CAPTURE_AUTORELEASING = YES;
				CLANG_WARN_BOOL_CONVERSION = YES;
				CLANG_WARN_COMMA = YES;
				CLANG_WARN_CONSTANT_CONVERSION = YES;
				CLANG_WARN_DEPRECATED_OBJC_IMPLEMENTATIONS = YES;
				CLANG_WARN_DIRECT_OBJC_ISA_USAGE = YES_ERROR;
				CLANG_WARN_DOCUMENTATION_COMMENTS = YES;
				CLANG_WARN_EMPTY_BODY = YES;
				CLANG_WARN_ENUM_CONVERSION = YES;
				CLANG_WARN_INFINITE_RECURSION = YES;
				CLANG_WARN_INT_CONVERSION = YES;
				CLANG_WARN_NON_LITERAL_NULL_CONVERSION = YES;
				CLANG_WARN_OBJC_IMPLICIT_RETAIN_SELF = YES;
				CLANG_WARN_OBJC_LITERAL_CONVERSION = YES;
				CLANG_WARN_OBJC_ROOT_CLASS = YES_ERROR;
				CLANG_WARN_QUOTED_INCLUDE_IN_FRAMEWORK_HEADER = YES;
				CLANG_WARN_RANGE_LOOP_ANALYSIS = YES;
				CLANG_WARN_STRICT_PROTOTYPES = YES;
				CLANG_WARN_SUSPICIOUS_MOVE = YES;
				CLANG_WARN_UNGUARDED_AVAILABILITY = YES_AGGRESSIVE;
				CLANG_WARN_UNREACHABLE_CODE = YES;
				CLANG_WARN__DUPLICATE_METHOD_MATCH = YES;
				COPY_PHASE_STRIP = NO;
				DEBUG_INFORMATION_FORMAT = "dwarf-with-dsym";
				ENABLE_NS_ASSERTIONS = NO;
				ENABLE_STRICT_OBJC_MSGSEND = YES;
				GCC_C_LANGUAGE_STANDARD = gnu11;
				GCC_NO_COMMON_BLOCKS = YES;
				GCC_PREPROCESSOR_DEFINITIONS = GLES_SILENCE_DEPRECATION;
				GCC_WARN_64_TO_32_BIT_CONVERSION = YES;
				GCC_WARN_ABOUT_RETURN_TYPE = YES_ERROR;
				GCC_WARN_UNDECLARED_SELECTOR = YES;
				GCC_WARN_UNINITIALIZED_AUTOS = YES_AGGRESSIVE;
				GCC_WARN_UNUSED_FUNCTION = YES;
				GCC_WARN_UNUSED_VARIABLE = YES;
				IPHONEOS_DEPLOYMENT_TARGET = 15.2;
				MTL_ENABLE_DEBUG_INFO = NO;
				MTL_FAST_MATH = YES;
				SDKROOT = iphoneos;
				SWIFT_COMPILATION_MODE = wholemodule;
				SWIFT_OPTIMIZATION_LEVEL = "-O";
				VALIDATE_PRODUCT = YES;
			};
			name = Release;
		};
		025AE9CD277337E200A45ADB /* Debug */ = {
			isa = XCBuildConfiguration;
			buildSettings = {
				ASSETCATALOG_COMPILER_APPICON_NAME = AppIcon;
				ASSETCATALOG_COMPILER_GLOBAL_ACCENT_COLOR_NAME = AccentColor;
				CLANG_ENABLE_MODULES = YES;
				CODE_SIGN_STYLE = Automatic;
				CURRENT_PROJECT_VERSION = 1;
				GENERATE_INFOPLIST_FILE = YES;
				INFOPLIST_FILE = c8051SwiftGL/Info.plist;
				INFOPLIST_KEY_UIApplicationSupportsIndirectInputEvents = YES;
				INFOPLIST_KEY_UILaunchStoryboardName = LaunchScreen;
				INFOPLIST_KEY_UIMainStoryboardFile = Main;
				INFOPLIST_KEY_UISupportedInterfaceOrientations_iPad = "UIInterfaceOrientationPortrait UIInterfaceOrientationPortraitUpsideDown UIInterfaceOrientationLandscapeLeft UIInterfaceOrientationLandscapeRight";
				INFOPLIST_KEY_UISupportedInterfaceOrientations_iPhone = "UIInterfaceOrientationPortrait UIInterfaceOrientationLandscapeLeft UIInterfaceOrientationLandscapeRight";
				LD_RUNPATH_SEARCH_PATHS = (
					"$(inherited)",
					"@executable_path/Frameworks",
				);
				MARKETING_VERSION = 1.0;
				PRODUCT_BUNDLE_IDENTIFIER = ca.btechgames.c8051SwiftGL;
				PRODUCT_NAME = "$(TARGET_NAME)";
				SWIFT_EMIT_LOC_STRINGS = YES;
				SWIFT_OBJC_BRIDGING_HEADER = "c8051SwiftGL/c8051SwiftGL-Bridging-Header.h";
				SWIFT_OPTIMIZATION_LEVEL = "-Onone";
				SWIFT_VERSION = 5.0;
				TARGETED_DEVICE_FAMILY = "1,2";
			};
			name = Debug;
		};
		025AE9CE277337E200A45ADB /* Release */ = {
			isa = XCBuildConfiguration;
			buildSettings = {
				ASSETCATALOG_COMPILER_APPICON_NAME = AppIcon;
				ASSETCATALOG_COMPILER_GLOBAL_ACCENT_COLOR_NAME = AccentColor;
				CLANG_ENABLE_MODULES = YES;
				CODE_SIGN_STYLE = Automatic;
				CURRENT_PROJECT_VERSION = 1;
				GENERATE_INFOPLIST_FILE = YES;
				INFOPLIST_FILE = c8051SwiftGL/Info.plist;
				INFOPLIST_KEY_UIApplicationSupportsIndirectInputEvents = YES;
				INFOPLIST_KEY_UILaunchStoryboardName = LaunchScreen;
				INFOPLIST_KEY_UIMainStoryboardFile = Main;
				INFOPLIST_KEY_UISupportedInterfaceOrientations_iPad = "UIInterfaceOrientationPortrait UIInterfaceOrientationPortraitUpsideDown UIInterfaceOrientationLandscapeLeft UIInterfaceOrientationLandscapeRight";
				INFOPLIST_KEY_UISupportedInterfaceOrientations_iPhone = "UIInterfaceOrientationPortrait UIInterfaceOrientationLandscapeLeft UIInterfaceOrientationLandscapeRight";
				LD_RUNPATH_SEARCH_PATHS = (
					"$(inherited)",
					"@executable_path/Frameworks",
				);
				MARKETING_VERSION = 1.0;
				PRODUCT_BUNDLE_IDENTIFIER = ca.btechgames.c8051SwiftGL;
				PRODUCT_NAME = "$(TARGET_NAME)";
				SWIFT_EMIT_LOC_STRINGS = YES;
				SWIFT_OBJC_BRIDGING_HEADER = "c8051SwiftGL/c8051SwiftGL-Bridging-Header.h";
				SWIFT_VERSION = 5.0;
				TARGETED_DEVICE_FAMILY = "1,2";
			};
			name = Release;
		};
/* End XCBuildConfiguration section */

/* Begin XCConfigurationList section */
		025AE9B3277337DF00A45ADB /* Build configuration list for PBXProject "c8051SwiftGL" */ = {
			isa = XCConfigurationList;
			buildConfigurations = (
				025AE9CA277337E200A45ADB /* Debug */,
				025AE9CB277337E200A45ADB /* Release */,
			);
			defaultConfigurationIsVisible = 0;
			defaultConfigurationName = Release;
		};
		025AE9CC277337E200A45ADB /* Build configuration list for PBXNativeTarget "c8051SwiftGL" */ = {
			isa = XCConfigurationList;
			buildConfigurations = (
				025AE9CD277337E200A45ADB /* Debug */,
				025AE9CE277337E200A45ADB /* Release */,
			);
			defaultConfigurationIsVisible = 0;
			defaultConfigurationName = Release;
		};
/* End XCConfigurationList section */
	};
	rootObject = 025AE9B0277337DF00A45ADB /* Project object */;
}
